
Microsoft Visual Studio Solution File, Format Version 12.00
# Visual Studio Version 17
VisualStudioVersion = 17.4.33122.133
MinimumVisualStudioVersion = 10.0.40219.1
Project("{9A19103F-16F7-4668-BE54-9A1E7A4F7556}") = "Console", "src\Console\Console.csproj", "{89D2424F-DD63-4393-BB07-BC0A08B09B57}"
EndProject
Project("{2150E333-8FDC-42A3-9474-1A3956D46DE8}") = "src", "src", "{E1F87D70-70E8-4811-B68D-2497F620C29F}"
EndProject
Project("{9A19103F-16F7-4668-BE54-9A1E7A4F7556}") = "Domain", "src\Domain\Domain.csproj", "{01EF9CAE-EA41-44A2-880A-39025D358157}"
EndProject
Project("{FAE04EC0-301F-11D3-BF4B-00C04F79EFBC}") = "DataAccess", "DataAccess\DataAccess.csproj", "{5183E0B4-1D22-46EF-8F21-95D39123D914}"
EndProject
Project("{FAE04EC0-301F-11D3-BF4B-00C04F79EFBC}") = "Application", "src\Application\Application.csproj", "{A71EDBF3-01CE-4854-B3D6-5177654161B5}"
EndProject
Project("{FAE04EC0-301F-11D3-BF4B-00C04F79EFBC}") = "WebMVC", "src\WebMVC\WebMVC.csproj", "{096C57CB-5A78-4059-8646-6EF385FABB35}"
EndProject
Global
	GlobalSection(SolutionConfigurationPlatforms) = preSolution
		Debug|Any CPU = Debug|Any CPU
		Release|Any CPU = Release|Any CPU
	EndGlobalSection
	GlobalSection(ProjectConfigurationPlatforms) = postSolution
		{89D2424F-DD63-4393-BB07-BC0A08B09B57}.Debug|Any CPU.ActiveCfg = Debug|Any CPU
		{89D2424F-DD63-4393-BB07-BC0A08B09B57}.Debug|Any CPU.Build.0 = Debug|Any CPU
		{89D2424F-DD63-4393-BB07-BC0A08B09B57}.Release|Any CPU.ActiveCfg = Release|Any CPU
		{89D2424F-DD63-4393-BB07-BC0A08B09B57}.Release|Any CPU.Build.0 = Release|Any CPU
		{01EF9CAE-EA41-44A2-880A-39025D358157}.Debug|Any CPU.ActiveCfg = Debug|Any CPU
		{01EF9CAE-EA41-44A2-880A-39025D358157}.Debug|Any CPU.Build.0 = Debug|Any CPU
		{01EF9CAE-EA41-44A2-880A-39025D358157}.Release|Any CPU.ActiveCfg = Release|Any CPU
		{01EF9CAE-EA41-44A2-880A-39025D358157}.Release|Any CPU.Build.0 = Release|Any CPU
		{5183E0B4-1D22-46EF-8F21-95D39123D914}.Debug|Any CPU.ActiveCfg = Debug|Any CPU
		{5183E0B4-1D22-46EF-8F21-95D39123D914}.Debug|Any CPU.Build.0 = Debug|Any CPU
		{5183E0B4-1D22-46EF-8F21-95D39123D914}.Release|Any CPU.ActiveCfg = Release|Any CPU
		{5183E0B4-1D22-46EF-8F21-95D39123D914}.Release|Any CPU.Build.0 = Release|Any CPU
		{A71EDBF3-01CE-4854-B3D6-5177654161B5}.Debug|Any CPU.ActiveCfg = Debug|Any CPU
		{A71EDBF3-01CE-4854-B3D6-5177654161B5}.Debug|Any CPU.Build.0 = Debug|Any CPU
		{A71EDBF3-01CE-4854-B3D6-5177654161B5}.Release|Any CPU.ActiveCfg = Release|Any CPU
		{A71EDBF3-01CE-4854-B3D6-5177654161B5}.Release|Any CPU.Build.0 = Release|Any CPU
		{096C57CB-5A78-4059-8646-6EF385FABB35}.Debug|Any CPU.ActiveCfg = Debug|Any CPU
		{096C57CB-5A78-4059-8646-6EF385FABB35}.Debug|Any CPU.Build.0 = Debug|Any CPU
		{096C57CB-5A78-4059-8646-6EF385FABB35}.Release|Any CPU.ActiveCfg = Release|Any CPU
		{096C57CB-5A78-4059-8646-6EF385FABB35}.Release|Any CPU.Build.0 = Release|Any CPU
	EndGlobalSection
	GlobalSection(SolutionProperties) = preSolution
		HideSolutionNode = FALSE
	EndGlobalSection
	GlobalSection(NestedProjects) = preSolution
		{89D2424F-DD63-4393-BB07-BC0A08B09B57} = {E1F87D70-70E8-4811-B68D-2497F620C29F}
		{01EF9CAE-EA41-44A2-880A-39025D358157} = {E1F87D70-70E8-4811-B68D-2497F620C29F}
		{5183E0B4-1D22-46EF-8F21-95D39123D914} = {E1F87D70-70E8-4811-B68D-2497F620C29F}
		{A71EDBF3-01CE-4854-B3D6-5177654161B5} = {E1F87D70-70E8-4811-B68D-2497F620C29F}
		{096C57CB-5A78-4059-8646-6EF385FABB35} = {E1F87D70-70E8-4811-B68D-2497F620C29F}
	EndGlobalSection
	GlobalSection(ExtensibilityGlobals) = postSolution
		SolutionGuid = {4EF67BBF-BC02-4EAB-AFF7-7C65C22C4910}
	EndGlobalSection
EndGlobal
